
Microsoft Visual Studio Solution File, Format Version 12.00
# Visual Studio Version 16
VisualStudioVersion = 16.0.29905.134
MinimumVisualStudioVersion = 10.0.40219.1
Project("{FAE04EC0-301F-11D3-BF4B-00C04F79EFBC}") = "FtpBlobFilePoc", "FtpBlobFilePoc\FtpBlobFilePoc.csproj", "{4A2B0B39-7427-4C7B-9B8A-62B3169DC7A4}"
EndProject
Global
	GlobalSection(SolutionConfigurationPlatforms) = preSolution
		Debug|Any CPU = Debug|Any CPU
		Release|Any CPU = Release|Any CPU
	EndGlobalSection
	GlobalSection(ProjectConfigurationPlatforms) = postSolution
		{4A2B0B39-7427-4C7B-9B8A-62B3169DC7A4}.Debug|Any CPU.ActiveCfg = Debug|Any CPU
		{4A2B0B39-7427-4C7B-9B8A-62B3169DC7A4}.Debug|Any CPU.Build.0 = Debug|Any CPU
		{4A2B0B39-7427-4C7B-9B8A-62B3169DC7A4}.Release|Any CPU.ActiveCfg = Release|Any CPU
		{4A2B0B39-7427-4C7B-9B8A-62B3169DC7A4}.Release|Any CPU.Build.0 = Release|Any CPU
	EndGlobalSection
	GlobalSection(SolutionProperties) = preSolution
		HideSolutionNode = FALSE
	EndGlobalSection
	GlobalSection(ExtensibilityGlobals) = postSolution
		SolutionGuid = {68B578AD-D5F4-46AC-BF4C-203553CDBEF2}
	EndGlobalSection
EndGlobal
